# This file is automatically @generated by Poetry 1.7.1 and should not be changed by hand.

[[package]]
name = "isort"
version = "5.13.2"
description = "A Python utility / library to sort Python imports."
optional = false
python-versions = ">=3.8.0"
files = [
    {file = "isort-5.13.2-py3-none-any.whl", hash = "sha256:8ca5e72a8d85860d5a3fa69b8745237f2939afe12dbf656afbcb47fe72d947a6"},
    {file = "isort-5.13.2.tar.gz", hash = "sha256:48fdfcb9face5d58a4f6dde2e72a1fb8dcaf8ab26f95ab49fab84c2ddefb0109"},
]

[package.extras]
colors = ["colorama (>=0.4.6)"]

[metadata]
lock-version = "2.0"
python-versions = "^3.10"
content-hash = "5c23f7df60ca10d2d51bb0b3de16028cc65e6e1bd578a68ba282b3aaae018341"
